
Microsoft Visual Studio Solution File, Format Version 12.00
# Visual Studio Version 17
VisualStudioVersion = 17.4.33205.214
MinimumVisualStudioVersion = 10.0.40219.1
Project("{FAE04EC0-301F-11D3-BF4B-00C04F79EFBC}") = "StockAppWebApiVS", "StockAppWebApiVS\StockAppWebApiVS.csproj", "{C61D38C8-F74F-461A-8674-7F8F0487A0FE}"
EndProject
Global
	GlobalSection(SolutionConfigurationPlatforms) = preSolution
		Debug|Any CPU = Debug|Any CPU
		Release|Any CPU = Release|Any CPU
	EndGlobalSection
	GlobalSection(ProjectConfigurationPlatforms) = postSolution
		{C61D38C8-F74F-461A-8674-7F8F0487A0FE}.Debug|Any CPU.ActiveCfg = Debug|Any CPU
		{C61D38C8-F74F-461A-8674-7F8F0487A0FE}.Debug|Any CPU.Build.0 = Debug|Any CPU
		{C61D38C8-F74F-461A-8674-7F8F0487A0FE}.Release|Any CPU.ActiveCfg = Release|Any CPU
		{C61D38C8-F74F-461A-8674-7F8F0487A0FE}.Release|Any CPU.Build.0 = Release|Any CPU
	EndGlobalSection
	GlobalSection(SolutionProperties) = preSolution
		HideSolutionNode = FALSE
	EndGlobalSection
	GlobalSection(ExtensibilityGlobals) = postSolution
		SolutionGuid = {A186F4FC-34A4-4EB1-BC5A-AB5D66A2F4A4}
	EndGlobalSection
EndGlobal
